
Microsoft Visual Studio Solution File, Format Version 12.00
# Visual Studio Version 16
VisualStudioVersion = 16.0.34601.136
MinimumVisualStudioVersion = 10.0.40219.1
Project("{FAE04EC0-301F-11D3-BF4B-00C04F79EFBC}") = "TP1_GRUPO_7", "TP1_GRUPO_7.csproj", "{061A297D-73E8-4663-87A0-9F25F699920D}"
EndProject
Global
	GlobalSection(SolutionConfigurationPlatforms) = preSolution
		Debug|Any CPU = Debug|Any CPU
		Release|Any CPU = Release|Any CPU
	EndGlobalSection
	GlobalSection(ProjectConfigurationPlatforms) = postSolution
		{061A297D-73E8-4663-87A0-9F25F699920D}.Debug|Any CPU.ActiveCfg = Debug|Any CPU
		{061A297D-73E8-4663-87A0-9F25F699920D}.Debug|Any CPU.Build.0 = Debug|Any CPU
		{061A297D-73E8-4663-87A0-9F25F699920D}.Release|Any CPU.ActiveCfg = Release|Any CPU
		{061A297D-73E8-4663-87A0-9F25F699920D}.Release|Any CPU.Build.0 = Release|Any CPU
	EndGlobalSection
	GlobalSection(SolutionProperties) = preSolution
		HideSolutionNode = FALSE
	EndGlobalSection
	GlobalSection(ExtensibilityGlobals) = postSolution
		SolutionGuid = {3031BCE9-913D-4CC1-A5AA-A4E000BBA27D}
	EndGlobalSection
EndGlobal
